
Microsoft Visual Studio Solution File, Format Version 12.00
# Visual Studio Version 16
VisualStudioVersion = 16.0.29411.108
MinimumVisualStudioVersion = 10.0.40219.1
Project("{FAE04EC0-301F-11D3-BF4B-00C04F79EFBC}") = "Comprog2Project", "Comprog2Project\Comprog2Project.csproj", "{D3E0E682-68B5-406F-A75A-0E18F969B714}"
EndProject
Global
	GlobalSection(SolutionConfigurationPlatforms) = preSolution
		Debug|Any CPU = Debug|Any CPU
		Release|Any CPU = Release|Any CPU
	EndGlobalSection
	GlobalSection(ProjectConfigurationPlatforms) = postSolution
		{D3E0E682-68B5-406F-A75A-0E18F969B714}.Debug|Any CPU.ActiveCfg = Debug|Any CPU
		{D3E0E682-68B5-406F-A75A-0E18F969B714}.Debug|Any CPU.Build.0 = Debug|Any CPU
		{D3E0E682-68B5-406F-A75A-0E18F969B714}.Release|Any CPU.ActiveCfg = Release|Any CPU
		{D3E0E682-68B5-406F-A75A-0E18F969B714}.Release|Any CPU.Build.0 = Release|Any CPU
	EndGlobalSection
	GlobalSection(SolutionProperties) = preSolution
		HideSolutionNode = FALSE
	EndGlobalSection
	GlobalSection(ExtensibilityGlobals) = postSolution
		SolutionGuid = {CC959804-2AA0-4A1B-AA18-3CA4047C4754}
	EndGlobalSection
EndGlobal
